
Microsoft Visual Studio Solution File, Format Version 12.00
# Visual Studio Version 16
VisualStudioVersion = 16.0.28917.182
MinimumVisualStudioVersion = 10.0.40219.1
Project("{9A19103F-16F7-4668-BE54-9A1E7A4F7556}") = "VariableBase.MathConsole", "MathConsole\VariableBase.MathConsole.csproj", "{9161B2C1-178F-472A-8D1E-9CFF8CE5DF20}"
EndProject
Project("{9A19103F-16F7-4668-BE54-9A1E7A4F7556}") = "VariableBase.Mathematics", "VariableBase.Mathematics\VariableBase.Mathematics\VariableBase.Mathematics.csproj", "{EB4C4067-0CA8-4AB9-A2FC-CCF5B4F6A0B7}"
EndProject
Project("{9A19103F-16F7-4668-BE54-9A1E7A4F7556}") = "VariableBase.Mathematics.Tests", "VariableBase.Mathematics.Tests\VariableBase.Mathematics.Tests.csproj", "{D8A897B5-70AE-4299-B065-AC79D91C1E77}"
EndProject
Project("{9A19103F-16F7-4668-BE54-9A1E7A4F7556}") = "AzureStorageRepositories", "AzureStorageRepositories\AzureStorageRepositories.csproj", "{52AD21E0-6FDE-44D7-A984-44D0DCBAD360}"
EndProject
Project("{9A19103F-16F7-4668-BE54-9A1E7A4F7556}") = "AzureStorageRepositories.Tests", "AzureStorageRepositories.Tests\AzureStorageRepositories.Tests.csproj", "{3841D36E-845B-4BC7-ACCF-A6456674729B}"
EndProject
Project("{9A19103F-16F7-4668-BE54-9A1E7A4F7556}") = "FileRepositories", "FileRepositories\FileRepositories.csproj", "{020ADD80-B910-4346-B5C6-65186A142037}"
EndProject
Project("{9A19103F-16F7-4668-BE54-9A1E7A4F7556}") = "Common", "Common\Common.csproj", "{94AADF45-FD37-4964-BA84-443DBBA63006}"
EndProject
Project("{9A19103F-16F7-4668-BE54-9A1E7A4F7556}") = "FileRepositories.Tests", "FileRepositories.Tests\FileRepositories.Tests.csproj", "{6AAB1CE3-61CA-48B2-8CB5-6F1412F692E9}"
EndProject
Project("{9A19103F-16F7-4668-BE54-9A1E7A4F7556}") = "Windows.Calculator", "Windows.Calculator\Windows.Calculator.csproj", "{92EADEEE-0A24-4832-8938-CBD41A7BF7DD}"
EndProject
Project("{FAE04EC0-301F-11D3-BF4B-00C04F79EFBC}") = "TypeScript.Calculator", "TypeScript.Calculator\TypeScript.Calculator.csproj", "{524415E8-A99C-4D75-87F4-BBD14DECA3C3}"
EndProject
Global
	GlobalSection(SolutionConfigurationPlatforms) = preSolution
		Debug|Any CPU = Debug|Any CPU
		Debug|ARM = Debug|ARM
		Debug|x64 = Debug|x64
		Debug|x86 = Debug|x86
		Release|Any CPU = Release|Any CPU
		Release|ARM = Release|ARM
		Release|x64 = Release|x64
		Release|x86 = Release|x86
	EndGlobalSection
	GlobalSection(ProjectConfigurationPlatforms) = postSolution
		{9161B2C1-178F-472A-8D1E-9CFF8CE5DF20}.Debug|Any CPU.ActiveCfg = Debug|Any CPU
		{9161B2C1-178F-472A-8D1E-9CFF8CE5DF20}.Debug|Any CPU.Build.0 = Debug|Any CPU
		{9161B2C1-178F-472A-8D1E-9CFF8CE5DF20}.Debug|ARM.ActiveCfg = Debug|Any CPU
		{9161B2C1-178F-472A-8D1E-9CFF8CE5DF20}.Debug|ARM.Build.0 = Debug|Any CPU
		{9161B2C1-178F-472A-8D1E-9CFF8CE5DF20}.Debug|x64.ActiveCfg = Debug|Any CPU
		{9161B2C1-178F-472A-8D1E-9CFF8CE5DF20}.Debug|x64.Build.0 = Debug|Any CPU
		{9161B2C1-178F-472A-8D1E-9CFF8CE5DF20}.Debug|x86.ActiveCfg = Debug|Any CPU
		{9161B2C1-178F-472A-8D1E-9CFF8CE5DF20}.Debug|x86.Build.0 = Debug|Any CPU
		{9161B2C1-178F-472A-8D1E-9CFF8CE5DF20}.Release|Any CPU.ActiveCfg = Release|Any CPU
		{9161B2C1-178F-472A-8D1E-9CFF8CE5DF20}.Release|Any CPU.Build.0 = Release|Any CPU
		{9161B2C1-178F-472A-8D1E-9CFF8CE5DF20}.Release|ARM.ActiveCfg = Release|Any CPU
		{9161B2C1-178F-472A-8D1E-9CFF8CE5DF20}.Release|ARM.Build.0 = Release|Any CPU
		{9161B2C1-178F-472A-8D1E-9CFF8CE5DF20}.Release|x64.ActiveCfg = Release|Any CPU
		{9161B2C1-178F-472A-8D1E-9CFF8CE5DF20}.Release|x64.Build.0 = Release|Any CPU
		{9161B2C1-178F-472A-8D1E-9CFF8CE5DF20}.Release|x86.ActiveCfg = Release|Any CPU
		{9161B2C1-178F-472A-8D1E-9CFF8CE5DF20}.Release|x86.Build.0 = Release|Any CPU
		{EB4C4067-0CA8-4AB9-A2FC-CCF5B4F6A0B7}.Debug|Any CPU.ActiveCfg = Debug|Any CPU
		{EB4C4067-0CA8-4AB9-A2FC-CCF5B4F6A0B7}.Debug|Any CPU.Build.0 = Debug|Any CPU
		{EB4C4067-0CA8-4AB9-A2FC-CCF5B4F6A0B7}.Debug|ARM.ActiveCfg = Debug|Any CPU
		{EB4C4067-0CA8-4AB9-A2FC-CCF5B4F6A0B7}.Debug|ARM.Build.0 = Debug|Any CPU
		{EB4C4067-0CA8-4AB9-A2FC-CCF5B4F6A0B7}.Debug|x64.ActiveCfg = Debug|Any CPU
		{EB4C4067-0CA8-4AB9-A2FC-CCF5B4F6A0B7}.Debug|x64.Build.0 = Debug|Any CPU
		{EB4C4067-0CA8-4AB9-A2FC-CCF5B4F6A0B7}.Debug|x86.ActiveCfg = Debug|Any CPU
		{EB4C4067-0CA8-4AB9-A2FC-CCF5B4F6A0B7}.Debug|x86.Build.0 = Debug|Any CPU
		{EB4C4067-0CA8-4AB9-A2FC-CCF5B4F6A0B7}.Release|Any CPU.ActiveCfg = Release|Any CPU
		{EB4C4067-0CA8-4AB9-A2FC-CCF5B4F6A0B7}.Release|Any CPU.Build.0 = Release|Any CPU
		{EB4C4067-0CA8-4AB9-A2FC-CCF5B4F6A0B7}.Release|ARM.ActiveCfg = Release|Any CPU
		{EB4C4067-0CA8-4AB9-A2FC-CCF5B4F6A0B7}.Release|ARM.Build.0 = Release|Any CPU
		{EB4C4067-0CA8-4AB9-A2FC-CCF5B4F6A0B7}.Release|x64.ActiveCfg = Release|Any CPU
		{EB4C4067-0CA8-4AB9-A2FC-CCF5B4F6A0B7}.Release|x64.Build.0 = Release|Any CPU
		{EB4C4067-0CA8-4AB9-A2FC-CCF5B4F6A0B7}.Release|x86.ActiveCfg = Release|Any CPU
		{EB4C4067-0CA8-4AB9-A2FC-CCF5B4F6A0B7}.Release|x86.Build.0 = Release|Any CPU
		{D8A897B5-70AE-4299-B065-AC79D91C1E77}.Debug|Any CPU.ActiveCfg = Debug|Any CPU
		{D8A897B5-70AE-4299-B065-AC79D91C1E77}.Debug|Any CPU.Build.0 = Debug|Any CPU
		{D8A897B5-70AE-4299-B065-AC79D91C1E77}.Debug|ARM.ActiveCfg = Debug|Any CPU
		{D8A897B5-70AE-4299-B065-AC79D91C1E77}.Debug|ARM.Build.0 = Debug|Any CPU
		{D8A897B5-70AE-4299-B065-AC79D91C1E77}.Debug|x64.ActiveCfg = Debug|Any CPU
		{D8A897B5-70AE-4299-B065-AC79D91C1E77}.Debug|x64.Build.0 = Debug|Any CPU
		{D8A897B5-70AE-4299-B065-AC79D91C1E77}.Debug|x86.ActiveCfg = Debug|Any CPU
		{D8A897B5-70AE-4299-B065-AC79D91C1E77}.Debug|x86.Build.0 = Debug|Any CPU
		{D8A897B5-70AE-4299-B065-AC79D91C1E77}.Release|Any CPU.ActiveCfg = Release|Any CPU
		{D8A897B5-70AE-4299-B065-AC79D91C1E77}.Release|Any CPU.Build.0 = Release|Any CPU
		{D8A897B5-70AE-4299-B065-AC79D91C1E77}.Release|ARM.ActiveCfg = Release|Any CPU
		{D8A897B5-70AE-4299-B065-AC79D91C1E77}.Release|ARM.Build.0 = Release|Any CPU
		{D8A897B5-70AE-4299-B065-AC79D91C1E77}.Release|x64.ActiveCfg = Release|Any CPU
		{D8A897B5-70AE-4299-B065-AC79D91C1E77}.Release|x64.Build.0 = Release|Any CPU
		{D8A897B5-70AE-4299-B065-AC79D91C1E77}.Release|x86.ActiveCfg = Release|Any CPU
		{D8A897B5-70AE-4299-B065-AC79D91C1E77}.Release|x86.Build.0 = Release|Any CPU
		{52AD21E0-6FDE-44D7-A984-44D0DCBAD360}.Debug|Any CPU.ActiveCfg = Debug|Any CPU
		{52AD21E0-6FDE-44D7-A984-44D0DCBAD360}.Debug|Any CPU.Build.0 = Debug|Any CPU
		{52AD21E0-6FDE-44D7-A984-44D0DCBAD360}.Debug|ARM.ActiveCfg = Debug|Any CPU
		{52AD21E0-6FDE-44D7-A984-44D0DCBAD360}.Debug|ARM.Build.0 = Debug|Any CPU
		{52AD21E0-6FDE-44D7-A984-44D0DCBAD360}.Debug|x64.ActiveCfg = Debug|Any CPU
		{52AD21E0-6FDE-44D7-A984-44D0DCBAD360}.Debug|x64.Build.0 = Debug|Any CPU
		{52AD21E0-6FDE-44D7-A984-44D0DCBAD360}.Debug|x86.ActiveCfg = Debug|Any CPU
		{52AD21E0-6FDE-44D7-A984-44D0DCBAD360}.Debug|x86.Build.0 = Debug|Any CPU
		{52AD21E0-6FDE-44D7-A984-44D0DCBAD360}.Release|Any CPU.ActiveCfg = Release|Any CPU
		{52AD21E0-6FDE-44D7-A984-44D0DCBAD360}.Release|Any CPU.Build.0 = Release|Any CPU
		{52AD21E0-6FDE-44D7-A984-44D0DCBAD360}.Release|ARM.ActiveCfg = Release|Any CPU
		{52AD21E0-6FDE-44D7-A984-44D0DCBAD360}.Release|ARM.Build.0 = Release|Any CPU
		{52AD21E0-6FDE-44D7-A984-44D0DCBAD360}.Release|x64.ActiveCfg = Release|Any CPU
		{52AD21E0-6FDE-44D7-A984-44D0DCBAD360}.Release|x64.Build.0 = Release|Any CPU
		{52AD21E0-6FDE-44D7-A984-44D0DCBAD360}.Release|x86.ActiveCfg = Release|Any CPU
		{52AD21E0-6FDE-44D7-A984-44D0DCBAD360}.Release|x86.Build.0 = Release|Any CPU
		{3841D36E-845B-4BC7-ACCF-A6456674729B}.Debug|Any CPU.ActiveCfg = Debug|Any CPU
		{3841D36E-845B-4BC7-ACCF-A6456674729B}.Debug|Any CPU.Build.0 = Debug|Any CPU
		{3841D36E-845B-4BC7-ACCF-A6456674729B}.Debug|ARM.ActiveCfg = Debug|Any CPU
		{3841D36E-845B-4BC7-ACCF-A6456674729B}.Debug|ARM.Build.0 = Debug|Any CPU
		{3841D36E-845B-4BC7-ACCF-A6456674729B}.Debug|x64.ActiveCfg = Debug|Any CPU
		{3841D36E-845B-4BC7-ACCF-A6456674729B}.Debug|x64.Build.0 = Debug|Any CPU
		{3841D36E-845B-4BC7-ACCF-A6456674729B}.Debug|x86.ActiveCfg = Debug|Any CPU
		{3841D36E-845B-4BC7-ACCF-A6456674729B}.Debug|x86.Build.0 = Debug|Any CPU
		{3841D36E-845B-4BC7-ACCF-A6456674729B}.Release|Any CPU.ActiveCfg = Release|Any CPU
		{3841D36E-845B-4BC7-ACCF-A6456674729B}.Release|Any CPU.Build.0 = Release|Any CPU
		{3841D36E-845B-4BC7-ACCF-A6456674729B}.Release|ARM.ActiveCfg = Release|Any CPU
		{3841D36E-845B-4BC7-ACCF-A6456674729B}.Release|ARM.Build.0 = Release|Any CPU
		{3841D36E-845B-4BC7-ACCF-A6456674729B}.Release|x64.ActiveCfg = Release|Any CPU
		{3841D36E-845B-4BC7-ACCF-A6456674729B}.Release|x64.Build.0 = Release|Any CPU
		{3841D36E-845B-4BC7-ACCF-A6456674729B}.Release|x86.ActiveCfg = Release|Any CPU
		{3841D36E-845B-4BC7-ACCF-A6456674729B}.Release|x86.Build.0 = Release|Any CPU
		{020ADD80-B910-4346-B5C6-65186A142037}.Debug|Any CPU.ActiveCfg = Debug|Any CPU
		{020ADD80-B910-4346-B5C6-65186A142037}.Debug|Any CPU.Build.0 = Debug|Any CPU
		{020ADD80-B910-4346-B5C6-65186A142037}.Debug|ARM.ActiveCfg = Debug|Any CPU
		{020ADD80-B910-4346-B5C6-65186A142037}.Debug|ARM.Build.0 = Debug|Any CPU
		{020ADD80-B910-4346-B5C6-65186A142037}.Debug|x64.ActiveCfg = Debug|Any CPU
		{020ADD80-B910-4346-B5C6-65186A142037}.Debug|x64.Build.0 = Debug|Any CPU
		{020ADD80-B910-4346-B5C6-65186A142037}.Debug|x86.ActiveCfg = Debug|Any CPU
		{020ADD80-B910-4346-B5C6-65186A142037}.Debug|x86.Build.0 = Debug|Any CPU
		{020ADD80-B910-4346-B5C6-65186A142037}.Release|Any CPU.ActiveCfg = Release|Any CPU
		{020ADD80-B910-4346-B5C6-65186A142037}.Release|Any CPU.Build.0 = Release|Any CPU
		{020ADD80-B910-4346-B5C6-65186A142037}.Release|ARM.ActiveCfg = Release|Any CPU
		{020ADD80-B910-4346-B5C6-65186A142037}.Release|ARM.Build.0 = Release|Any CPU
		{020ADD80-B910-4346-B5C6-65186A142037}.Release|x64.ActiveCfg = Release|Any CPU
		{020ADD80-B910-4346-B5C6-65186A142037}.Release|x64.Build.0 = Release|Any CPU
		{020ADD80-B910-4346-B5C6-65186A142037}.Release|x86.ActiveCfg = Release|Any CPU
		{020ADD80-B910-4346-B5C6-65186A142037}.Release|x86.Build.0 = Release|Any CPU
		{94AADF45-FD37-4964-BA84-443DBBA63006}.Debug|Any CPU.ActiveCfg = Debug|Any CPU
		{94AADF45-FD37-4964-BA84-443DBBA63006}.Debug|Any CPU.Build.0 = Debug|Any CPU
		{94AADF45-FD37-4964-BA84-443DBBA63006}.Debug|ARM.ActiveCfg = Debug|Any CPU
		{94AADF45-FD37-4964-BA84-443DBBA63006}.Debug|ARM.Build.0 = Debug|Any CPU
		{94AADF45-FD37-4964-BA84-443DBBA63006}.Debug|x64.ActiveCfg = Debug|Any CPU
		{94AADF45-FD37-4964-BA84-443DBBA63006}.Debug|x64.Build.0 = Debug|Any CPU
		{94AADF45-FD37-4964-BA84-443DBBA63006}.Debug|x86.ActiveCfg = Debug|Any CPU
		{94AADF45-FD37-4964-BA84-443DBBA63006}.Debug|x86.Build.0 = Debug|Any CPU
		{94AADF45-FD37-4964-BA84-443DBBA63006}.Release|Any CPU.ActiveCfg = Release|Any CPU
		{94AADF45-FD37-4964-BA84-443DBBA63006}.Release|Any CPU.Build.0 = Release|Any CPU
		{94AADF45-FD37-4964-BA84-443DBBA63006}.Release|ARM.ActiveCfg = Release|Any CPU
		{94AADF45-FD37-4964-BA84-443DBBA63006}.Release|ARM.Build.0 = Release|Any CPU
		{94AADF45-FD37-4964-BA84-443DBBA63006}.Release|x64.ActiveCfg = Release|Any CPU
		{94AADF45-FD37-4964-BA84-443DBBA63006}.Release|x64.Build.0 = Release|Any CPU
		{94AADF45-FD37-4964-BA84-443DBBA63006}.Release|x86.ActiveCfg = Release|Any CPU
		{94AADF45-FD37-4964-BA84-443DBBA63006}.Release|x86.Build.0 = Release|Any CPU
		{6AAB1CE3-61CA-48B2-8CB5-6F1412F692E9}.Debug|Any CPU.ActiveCfg = Debug|Any CPU
		{6AAB1CE3-61CA-48B2-8CB5-6F1412F692E9}.Debug|Any CPU.Build.0 = Debug|Any CPU
		{6AAB1CE3-61CA-48B2-8CB5-6F1412F692E9}.Debug|ARM.ActiveCfg = Debug|Any CPU
		{6AAB1CE3-61CA-48B2-8CB5-6F1412F692E9}.Debug|ARM.Build.0 = Debug|Any CPU
		{6AAB1CE3-61CA-48B2-8CB5-6F1412F692E9}.Debug|x64.ActiveCfg = Debug|Any CPU
		{6AAB1CE3-61CA-48B2-8CB5-6F1412F692E9}.Debug|x64.Build.0 = Debug|Any CPU
		{6AAB1CE3-61CA-48B2-8CB5-6F1412F692E9}.Debug|x86.ActiveCfg = Debug|Any CPU
		{6AAB1CE3-61CA-48B2-8CB5-6F1412F692E9}.Debug|x86.Build.0 = Debug|Any CPU
		{6AAB1CE3-61CA-48B2-8CB5-6F1412F692E9}.Release|Any CPU.ActiveCfg = Release|Any CPU
		{6AAB1CE3-61CA-48B2-8CB5-6F1412F692E9}.Release|Any CPU.Build.0 = Release|Any CPU
		{6AAB1CE3-61CA-48B2-8CB5-6F1412F692E9}.Release|ARM.ActiveCfg = Release|Any CPU
		{6AAB1CE3-61CA-48B2-8CB5-6F1412F692E9}.Release|ARM.Build.0 = Release|Any CPU
		{6AAB1CE3-61CA-48B2-8CB5-6F1412F692E9}.Release|x64.ActiveCfg = Release|Any CPU
		{6AAB1CE3-61CA-48B2-8CB5-6F1412F692E9}.Release|x64.Build.0 = Release|Any CPU
		{6AAB1CE3-61CA-48B2-8CB5-6F1412F692E9}.Release|x86.ActiveCfg = Release|Any CPU
		{6AAB1CE3-61CA-48B2-8CB5-6F1412F692E9}.Release|x86.Build.0 = Release|Any CPU
		{92EADEEE-0A24-4832-8938-CBD41A7BF7DD}.Debug|Any CPU.ActiveCfg = Debug|Any CPU
		{92EADEEE-0A24-4832-8938-CBD41A7BF7DD}.Debug|Any CPU.Build.0 = Debug|Any CPU
		{92EADEEE-0A24-4832-8938-CBD41A7BF7DD}.Debug|ARM.ActiveCfg = Debug|Any CPU
		{92EADEEE-0A24-4832-8938-CBD41A7BF7DD}.Debug|ARM.Build.0 = Debug|Any CPU
		{92EADEEE-0A24-4832-8938-CBD41A7BF7DD}.Debug|x64.ActiveCfg = Debug|Any CPU
		{92EADEEE-0A24-4832-8938-CBD41A7BF7DD}.Debug|x64.Build.0 = Debug|Any CPU
		{92EADEEE-0A24-4832-8938-CBD41A7BF7DD}.Debug|x86.ActiveCfg = Debug|Any CPU
		{92EADEEE-0A24-4832-8938-CBD41A7BF7DD}.Debug|x86.Build.0 = Debug|Any CPU
		{92EADEEE-0A24-4832-8938-CBD41A7BF7DD}.Release|Any CPU.ActiveCfg = Release|Any CPU
		{92EADEEE-0A24-4832-8938-CBD41A7BF7DD}.Release|Any CPU.Build.0 = Release|Any CPU
		{92EADEEE-0A24-4832-8938-CBD41A7BF7DD}.Release|ARM.ActiveCfg = Release|Any CPU
		{92EADEEE-0A24-4832-8938-CBD41A7BF7DD}.Release|ARM.Build.0 = Release|Any CPU
		{92EADEEE-0A24-4832-8938-CBD41A7BF7DD}.Release|x64.ActiveCfg = Release|Any CPU
		{92EADEEE-0A24-4832-8938-CBD41A7BF7DD}.Release|x64.Build.0 = Release|Any CPU
		{92EADEEE-0A24-4832-8938-CBD41A7BF7DD}.Release|x86.ActiveCfg = Release|Any CPU
		{92EADEEE-0A24-4832-8938-CBD41A7BF7DD}.Release|x86.Build.0 = Release|Any CPU
		{524415E8-A99C-4D75-87F4-BBD14DECA3C3}.Debug|Any CPU.ActiveCfg = Debug|Any CPU
		{524415E8-A99C-4D75-87F4-BBD14DECA3C3}.Debug|Any CPU.Build.0 = Debug|Any CPU
		{524415E8-A99C-4D75-87F4-BBD14DECA3C3}.Debug|ARM.ActiveCfg = Debug|Any CPU
		{524415E8-A99C-4D75-87F4-BBD14DECA3C3}.Debug|ARM.Build.0 = Debug|Any CPU
		{524415E8-A99C-4D75-87F4-BBD14DECA3C3}.Debug|x64.ActiveCfg = Debug|Any CPU
		{524415E8-A99C-4D75-87F4-BBD14DECA3C3}.Debug|x64.Build.0 = Debug|Any CPU
		{524415E8-A99C-4D75-87F4-BBD14DECA3C3}.Debug|x86.ActiveCfg = Debug|Any CPU
		{524415E8-A99C-4D75-87F4-BBD14DECA3C3}.Debug|x86.Build.0 = Debug|Any CPU
		{524415E8-A99C-4D75-87F4-BBD14DECA3C3}.Release|Any CPU.ActiveCfg = Release|Any CPU
		{524415E8-A99C-4D75-87F4-BBD14DECA3C3}.Release|Any CPU.Build.0 = Release|Any CPU
		{524415E8-A99C-4D75-87F4-BBD14DECA3C3}.Release|ARM.ActiveCfg = Release|Any CPU
		{524415E8-A99C-4D75-87F4-BBD14DECA3C3}.Release|ARM.Build.0 = Release|Any CPU
		{524415E8-A99C-4D75-87F4-BBD14DECA3C3}.Release|x64.ActiveCfg = Release|Any CPU
		{524415E8-A99C-4D75-87F4-BBD14DECA3C3}.Release|x64.Build.0 = Release|Any CPU
		{524415E8-A99C-4D75-87F4-BBD14DECA3C3}.Release|x86.ActiveCfg = Release|Any CPU
		{524415E8-A99C-4D75-87F4-BBD14DECA3C3}.Release|x86.Build.0 = Release|Any CPU
	EndGlobalSection
	GlobalSection(SolutionProperties) = preSolution
		HideSolutionNode = FALSE
	EndGlobalSection
	GlobalSection(ExtensibilityGlobals) = postSolution
		SolutionGuid = {E8ECF4C5-1995-48CF-878F-CCE984618680}
	EndGlobalSection
EndGlobal
