
Microsoft Visual Studio Solution File, Format Version 12.00
# Visual Studio 15
VisualStudioVersion = 15.0.28010.2046
MinimumVisualStudioVersion = 10.0.40219.1
Project("{9A19103F-16F7-4668-BE54-9A1E7A4F7556}") = "MathConsole", "MathConsole\MathConsole.csproj", "{9161B2C1-178F-472A-8D1E-9CFF8CE5DF20}"
EndProject
Project("{9A19103F-16F7-4668-BE54-9A1E7A4F7556}") = "Math", "Math\Math.csproj", "{298FF6A7-BD26-4291-AFFB-428ED25755AF}"
EndProject
Project("{9A19103F-16F7-4668-BE54-9A1E7A4F7556}") = "Marth.Tests", "Marth.Tests\Marth.Tests.csproj", "{83A78F70-8B8B-4F8B-A905-557645F411E4}"
EndProject
Global
	GlobalSection(SolutionConfigurationPlatforms) = preSolution
		Debug|Any CPU = Debug|Any CPU
		Release|Any CPU = Release|Any CPU
	EndGlobalSection
	GlobalSection(ProjectConfigurationPlatforms) = postSolution
		{9161B2C1-178F-472A-8D1E-9CFF8CE5DF20}.Debug|Any CPU.ActiveCfg = Debug|Any CPU
		{9161B2C1-178F-472A-8D1E-9CFF8CE5DF20}.Debug|Any CPU.Build.0 = Debug|Any CPU
		{9161B2C1-178F-472A-8D1E-9CFF8CE5DF20}.Release|Any CPU.ActiveCfg = Release|Any CPU
		{9161B2C1-178F-472A-8D1E-9CFF8CE5DF20}.Release|Any CPU.Build.0 = Release|Any CPU
		{298FF6A7-BD26-4291-AFFB-428ED25755AF}.Debug|Any CPU.ActiveCfg = Debug|Any CPU
		{298FF6A7-BD26-4291-AFFB-428ED25755AF}.Debug|Any CPU.Build.0 = Debug|Any CPU
		{298FF6A7-BD26-4291-AFFB-428ED25755AF}.Release|Any CPU.ActiveCfg = Release|Any CPU
		{298FF6A7-BD26-4291-AFFB-428ED25755AF}.Release|Any CPU.Build.0 = Release|Any CPU
		{83A78F70-8B8B-4F8B-A905-557645F411E4}.Debug|Any CPU.ActiveCfg = Debug|Any CPU
		{83A78F70-8B8B-4F8B-A905-557645F411E4}.Debug|Any CPU.Build.0 = Debug|Any CPU
		{83A78F70-8B8B-4F8B-A905-557645F411E4}.Release|Any CPU.ActiveCfg = Release|Any CPU
		{83A78F70-8B8B-4F8B-A905-557645F411E4}.Release|Any CPU.Build.0 = Release|Any CPU
	EndGlobalSection
	GlobalSection(SolutionProperties) = preSolution
		HideSolutionNode = FALSE
	EndGlobalSection
	GlobalSection(ExtensibilityGlobals) = postSolution
		SolutionGuid = {E8ECF4C5-1995-48CF-878F-CCE984618680}
	EndGlobalSection
	GlobalSection(TeamFoundationVersionControl) = preSolution
		SccNumberOfProjects = 4
		SccEnterpriseProvider = {4CA58AB2-18FA-4F8D-95D4-32DDF27D184C}
		SccTeamFoundationServer = https://anarchyshelters.visualstudio.com/
		SccLocalPath0 = .
		SccProjectUniqueName1 = Marth.Tests\\Marth.Tests.csproj
		SccProjectName1 = Marth.Tests
		SccLocalPath1 = Marth.Tests
		SccProjectUniqueName2 = Math\\Math.csproj
		SccProjectName2 = Math
		SccLocalPath2 = Math
		SccProjectUniqueName3 = MathConsole\\MathConsole.csproj
		SccProjectName3 = MathConsole
		SccLocalPath3 = MathConsole
	EndGlobalSection
EndGlobal
