
Microsoft Visual Studio Solution File, Format Version 12.00
# Visual Studio Version 17
VisualStudioVersion = 17.1.32421.90
MinimumVisualStudioVersion = 10.0.40219.1
Project("{9A19103F-16F7-4668-BE54-9A1E7A4F7556}") = "NS12.PrecisionCalculator", "NS12.PrecisionCalculator\NS12.PrecisionCalculator.csproj", "{F6D340C8-F990-487D-B867-0F901B6371BA}"
EndProject
Project("{FAE04EC0-301F-11D3-BF4B-00C04F79EFBC}") = "NS12.VariableBase.Mathematics.Common", "NS12.VariableBase.Mathematics.Common\NS12.VariableBase.Mathematics.Common.csproj", "{81D5E339-E2E5-464B-8E6E-AEAF6683FE8D}"
EndProject
Project("{FAE04EC0-301F-11D3-BF4B-00C04F79EFBC}") = "NS12.VariableBase.Mathematics.Providers", "NS12.VariableBase.Mathematics.Providers\NS12.VariableBase.Mathematics.Providers.csproj", "{C79AE3D1-8FEB-428B-B10A-B21B70625908}"
EndProject
Global
	GlobalSection(SolutionConfigurationPlatforms) = preSolution
		Debug|Any CPU = Debug|Any CPU
		Release|Any CPU = Release|Any CPU
	EndGlobalSection
	GlobalSection(ProjectConfigurationPlatforms) = postSolution
		{F6D340C8-F990-487D-B867-0F901B6371BA}.Debug|Any CPU.ActiveCfg = Debug|Any CPU
		{F6D340C8-F990-487D-B867-0F901B6371BA}.Debug|Any CPU.Build.0 = Debug|Any CPU
		{F6D340C8-F990-487D-B867-0F901B6371BA}.Release|Any CPU.ActiveCfg = Release|Any CPU
		{F6D340C8-F990-487D-B867-0F901B6371BA}.Release|Any CPU.Build.0 = Release|Any CPU
		{81D5E339-E2E5-464B-8E6E-AEAF6683FE8D}.Debug|Any CPU.ActiveCfg = Debug|Any CPU
		{81D5E339-E2E5-464B-8E6E-AEAF6683FE8D}.Debug|Any CPU.Build.0 = Debug|Any CPU
		{81D5E339-E2E5-464B-8E6E-AEAF6683FE8D}.Release|Any CPU.ActiveCfg = Release|Any CPU
		{81D5E339-E2E5-464B-8E6E-AEAF6683FE8D}.Release|Any CPU.Build.0 = Release|Any CPU
		{C79AE3D1-8FEB-428B-B10A-B21B70625908}.Debug|Any CPU.ActiveCfg = Debug|Any CPU
		{C79AE3D1-8FEB-428B-B10A-B21B70625908}.Debug|Any CPU.Build.0 = Debug|Any CPU
		{C79AE3D1-8FEB-428B-B10A-B21B70625908}.Release|Any CPU.ActiveCfg = Release|Any CPU
		{C79AE3D1-8FEB-428B-B10A-B21B70625908}.Release|Any CPU.Build.0 = Release|Any CPU
	EndGlobalSection
	GlobalSection(SolutionProperties) = preSolution
		HideSolutionNode = FALSE
	EndGlobalSection
	GlobalSection(ExtensibilityGlobals) = postSolution
		SolutionGuid = {4C4F28CE-72EF-4875-82FC-594049449BA5}
	EndGlobalSection
EndGlobal
