
Microsoft Visual Studio Solution File, Format Version 12.00
# Visual Studio Version 17
VisualStudioVersion = 17.1.32421.90
MinimumVisualStudioVersion = 10.0.40219.1
Project("{9A19103F-16F7-4668-BE54-9A1E7A4F7556}") = "NS12.VariableBase.Mathematics.Common", "NS12.VariableBase.Mathematics.Common\NS12.VariableBase.Mathematics.Common.csproj", "{BEC2CA77-5582-496E-A298-23F7943FC9BF}"
EndProject
Project("{9A19103F-16F7-4668-BE54-9A1E7A4F7556}") = "NS12.VariableBase.Mathematics.Providers", "NS12.VariableBase.Mathematics.Providers\NS12.VariableBase.Mathematics.Providers.csproj", "{4F5FCC66-F99E-411D-AB0A-7328A19CFB6F}"
EndProject
Project("{9A19103F-16F7-4668-BE54-9A1E7A4F7556}") = "NS12.VariableBase.Mathematics.Providers.Tests", "NS12.VariableBase.Mathematics.Providers.Tests\NS12.VariableBase.Mathematics.Providers.Tests.csproj", "{8E60C95D-C431-44C9-9105-49D47E9DDCB1}"
EndProject
Project("{FAE04EC0-301F-11D3-BF4B-00C04F79EFBC}") = "NS12.Calculator", "NS12.Calculator\NS12.Calculator.csproj", "{F89D6371-A2CA-4C4A-854A-BA97E95EAB13}"
EndProject
Global
	GlobalSection(SolutionConfigurationPlatforms) = preSolution
		Debug|Any CPU = Debug|Any CPU
		Release|Any CPU = Release|Any CPU
	EndGlobalSection
	GlobalSection(ProjectConfigurationPlatforms) = postSolution
		{BEC2CA77-5582-496E-A298-23F7943FC9BF}.Debug|Any CPU.ActiveCfg = Debug|Any CPU
		{BEC2CA77-5582-496E-A298-23F7943FC9BF}.Debug|Any CPU.Build.0 = Debug|Any CPU
		{BEC2CA77-5582-496E-A298-23F7943FC9BF}.Release|Any CPU.ActiveCfg = Release|Any CPU
		{BEC2CA77-5582-496E-A298-23F7943FC9BF}.Release|Any CPU.Build.0 = Release|Any CPU
		{4F5FCC66-F99E-411D-AB0A-7328A19CFB6F}.Debug|Any CPU.ActiveCfg = Debug|Any CPU
		{4F5FCC66-F99E-411D-AB0A-7328A19CFB6F}.Debug|Any CPU.Build.0 = Debug|Any CPU
		{4F5FCC66-F99E-411D-AB0A-7328A19CFB6F}.Release|Any CPU.ActiveCfg = Release|Any CPU
		{4F5FCC66-F99E-411D-AB0A-7328A19CFB6F}.Release|Any CPU.Build.0 = Release|Any CPU
		{8E60C95D-C431-44C9-9105-49D47E9DDCB1}.Debug|Any CPU.ActiveCfg = Debug|Any CPU
		{8E60C95D-C431-44C9-9105-49D47E9DDCB1}.Debug|Any CPU.Build.0 = Debug|Any CPU
		{8E60C95D-C431-44C9-9105-49D47E9DDCB1}.Release|Any CPU.ActiveCfg = Release|Any CPU
		{8E60C95D-C431-44C9-9105-49D47E9DDCB1}.Release|Any CPU.Build.0 = Release|Any CPU
		{F89D6371-A2CA-4C4A-854A-BA97E95EAB13}.Debug|Any CPU.ActiveCfg = Debug|Any CPU
		{F89D6371-A2CA-4C4A-854A-BA97E95EAB13}.Debug|Any CPU.Build.0 = Debug|Any CPU
		{F89D6371-A2CA-4C4A-854A-BA97E95EAB13}.Release|Any CPU.ActiveCfg = Release|Any CPU
		{F89D6371-A2CA-4C4A-854A-BA97E95EAB13}.Release|Any CPU.Build.0 = Release|Any CPU
	EndGlobalSection
	GlobalSection(SolutionProperties) = preSolution
		HideSolutionNode = FALSE
	EndGlobalSection
	GlobalSection(ExtensibilityGlobals) = postSolution
		SolutionGuid = {4C4F28CE-72EF-4875-82FC-594049449BA5}
	EndGlobalSection
EndGlobal
